// !$*UTF8*$!
{
	archiveVersion = 1;
	classes = {
	};
	objectVersion = 55;
	objects = {

/* Begin PBXBuildFile section */
		301BDA4F284FF15800FF24B2 /* GenericFilterModel.swift in Sources */ = {isa = PBXBuildFile; fileRef = 301BDA4E284FF15800FF24B2 /* GenericFilterModel.swift */; };
		30B78136285108510027B781 /* RangedSliderView.swift in Sources */ = {isa = PBXBuildFile; fileRef = 30B78135285108510027B781 /* RangedSliderView.swift */; };
		30F82AE0284EACBE00D0E380 /* FiltersView.swift in Sources */ = {isa = PBXBuildFile; fileRef = 30F82ADF284EACBE00D0E380 /* FiltersView.swift */; };
		30F82AE2284EACC500D0E380 /* FiltersViewModel.swift in Sources */ = {isa = PBXBuildFile; fileRef = 30F82AE1284EACC500D0E380 /* FiltersViewModel.swift */; };
		30F82AE4284EBE4200D0E380 /* Gender.swift in Sources */ = {isa = PBXBuildFile; fileRef = 30F82AE3284EBE4200D0E380 /* Gender.swift */; };
		30F82AE6284EBE5600D0E380 /* Brand.swift in Sources */ = {isa = PBXBuildFile; fileRef = 30F82AE5284EBE5600D0E380 /* Brand.swift */; };
		30F82AE8284EBE9E00D0E380 /* Size.swift in Sources */ = {isa = PBXBuildFile; fileRef = 30F82AE7284EBE9E00D0E380 /* Size.swift */; };
		30F82AED284ECE4000D0E380 /* GenericFilterView.swift in Sources */ = {isa = PBXBuildFile; fileRef = 30F82AEC284ECE4000D0E380 /* GenericFilterView.swift */; };
		881CA5332844E6220092265A /* CameraView.swift in Sources */ = {isa = PBXBuildFile; fileRef = 881CA5322844E6220092265A /* CameraView.swift */; };
		881CA5362844ED080092265A /* CameraService+Enums.swift in Sources */ = {isa = PBXBuildFile; fileRef = 881CA5352844ED080092265A /* CameraService+Enums.swift */; };
		881CA5382844ED1D0092265A /* CameraService+Extensions.swift in Sources */ = {isa = PBXBuildFile; fileRef = 881CA5372844ED1D0092265A /* CameraService+Extensions.swift */; };
		881CA53A2844ED380092265A /* CameraService.swift in Sources */ = {isa = PBXBuildFile; fileRef = 881CA5392844ED380092265A /* CameraService.swift */; };
		881CA53C2844ED490092265A /* ImageResizer.swift in Sources */ = {isa = PBXBuildFile; fileRef = 881CA53B2844ED490092265A /* ImageResizer.swift */; };
		881CA53E2844ED670092265A /* PhotoCaptureProcessor.swift in Sources */ = {isa = PBXBuildFile; fileRef = 881CA53D2844ED670092265A /* PhotoCaptureProcessor.swift */; };
		881CA5402844F1940092265A /* CameraPreview.swift in Sources */ = {isa = PBXBuildFile; fileRef = 881CA53F2844F1940092265A /* CameraPreview.swift */; };
		886C26E92844D2A100E91B4E /* PhotoPicker.swift in Sources */ = {isa = PBXBuildFile; fileRef = 886C26E82844D2A100E91B4E /* PhotoPicker.swift */; };
		886C26EC2844D2D800E91B4E /* PickerMediaItems.swift in Sources */ = {isa = PBXBuildFile; fileRef = 886C26EB2844D2D800E91B4E /* PickerMediaItems.swift */; };
		8897D97B28327861008A9A49 /* .swiftlint.yml in Resources */ = {isa = PBXBuildFile; fileRef = 8897D97A28327861008A9A49 /* .swiftlint.yml */; };
		8897D97D28327867008A9A49 /* README.md in Resources */ = {isa = PBXBuildFile; fileRef = 8897D97C28327867008A9A49 /* README.md */; };
		88B4D34F2848CB2000A8366B /* CaptureButtonStyle.swift in Sources */ = {isa = PBXBuildFile; fileRef = 88B4D34E2848CB2000A8366B /* CaptureButtonStyle.swift */; };
		88B4D3512848D1B500A8366B /* CameraModel.swift in Sources */ = {isa = PBXBuildFile; fileRef = 88B4D3502848D1B500A8366B /* CameraModel.swift */; };
		88B4D3532848D31500A8366B /* AlertError.swift in Sources */ = {isa = PBXBuildFile; fileRef = 88B4D3522848D31500A8366B /* AlertError.swift */; };
		88B4D3552848D3C100A8366B /* Photo.swift in Sources */ = {isa = PBXBuildFile; fileRef = 88B4D3542848D3C100A8366B /* Photo.swift */; };
		88B4D358284A052600A8366B /* Router.swift in Sources */ = {isa = PBXBuildFile; fileRef = 88B4D357284A052600A8366B /* Router.swift */; };
		88B4D35A284BB16600A8366B /* SneakerHostingViewController.swift in Sources */ = {isa = PBXBuildFile; fileRef = 88B4D359284BB16600A8366B /* SneakerHostingViewController.swift */; };
		88B4D35C284BB33400A8366B /* TabBarViewRepresentation.swift in Sources */ = {isa = PBXBuildFile; fileRef = 88B4D35B284BB33400A8366B /* TabBarViewRepresentation.swift */; };
		88B4D35F284BD66500A8366B /* ColorPickerView.swift in Sources */ = {isa = PBXBuildFile; fileRef = 88B4D35E284BD66500A8366B /* ColorPickerView.swift */; };
		88B4D367284BDADF00A8366B /* DesignSystem in Frameworks */ = {isa = PBXBuildFile; productRef = 88B4D366284BDADF00A8366B /* DesignSystem */; };
		88B4D369284D58CA00A8366B /* PaletteControl.swift in Sources */ = {isa = PBXBuildFile; fileRef = 88B4D368284D58CA00A8366B /* PaletteControl.swift */; };
		88B4D36C284D5AD900A8366B /* CoreUtils in Frameworks */ = {isa = PBXBuildFile; productRef = 88B4D36B284D5AD900A8366B /* CoreUtils */; };
		88B4D372284D6B0000A8366B /* BackgroundRemoval in Frameworks */ = {isa = PBXBuildFile; productRef = 88B4D371284D6B0000A8366B /* BackgroundRemoval */; };
		88B4D375284D7B1300A8366B /* DominantColor in Frameworks */ = {isa = PBXBuildFile; productRef = 88B4D374284D7B1300A8366B /* DominantColor */; };
		88B4D377284DDF1500A8366B /* ColorFinder.swift in Sources */ = {isa = PBXBuildFile; fileRef = 88B4D376284DDF1500A8366B /* ColorFinder.swift */; };
		9208B9862840F526000866E6 /* UserDefaults.swift in Sources */ = {isa = PBXBuildFile; fileRef = 9208B9852840F526000866E6 /* UserDefaults.swift */; };
		9208B9882840FBD3000866E6 /* FavoritesView.swift in Sources */ = {isa = PBXBuildFile; fileRef = 9208B9872840FBD3000866E6 /* FavoritesView.swift */; };
		9208B98A284112B6000866E6 /* SneakerUD.swift in Sources */ = {isa = PBXBuildFile; fileRef = 9208B989284112B6000866E6 /* SneakerUD.swift */; };
		920D1E2C28393BAF00050935 /* download360.json in Resources */ = {isa = PBXBuildFile; fileRef = 920D1E2B28393BAF00050935 /* download360.json */; };
		920D1E2E28393FAB00050935 /* UpdateView.swift in Sources */ = {isa = PBXBuildFile; fileRef = 920D1E2D28393FAB00050935 /* UpdateView.swift */; };
		920D1E322839594E00050935 /* ColorExtensionRandomColor.swift in Sources */ = {isa = PBXBuildFile; fileRef = 920D1E312839594E00050935 /* ColorExtensionRandomColor.swift */; };
		920D1E352839599D00050935 /* PaletteView.swift in Sources */ = {isa = PBXBuildFile; fileRef = 920D1E342839599D00050935 /* PaletteView.swift */; };
		920D1E37283959DF00050935 /* SwipeView.swift in Sources */ = {isa = PBXBuildFile; fileRef = 920D1E36283959DF00050935 /* SwipeView.swift */; };
		920D1E3A283966C200050935 /* PaletteViewModel.swift in Sources */ = {isa = PBXBuildFile; fileRef = 920D1E39283966C200050935 /* PaletteViewModel.swift */; };
		921B21152833A04200B934C4 /* ViewExtensionGetRect.swift in Sources */ = {isa = PBXBuildFile; fileRef = 921B21142833A04200B934C4 /* ViewExtensionGetRect.swift */; };
		921B211B2833BFD500B934C4 /* NukeUI in Frameworks */ = {isa = PBXBuildFile; productRef = 921B211A2833BFD500B934C4 /* NukeUI */; };
		922E353D283597B100D8A0F9 /* Lottie in Frameworks */ = {isa = PBXBuildFile; productRef = 922E353C283597B100D8A0F9 /* Lottie */; };
		922E35402835984C00D8A0F9 /* LottieView.swift in Sources */ = {isa = PBXBuildFile; fileRef = 922E353F2835984C00D8A0F9 /* LottieView.swift */; };
		922E354528365E5800D8A0F9 /* SwiftUIPager in Frameworks */ = {isa = PBXBuildFile; productRef = 922E354428365E5800D8A0F9 /* SwiftUIPager */; };
		924B8FB228535AAF0017920C /* MultiSlider in Frameworks */ = {isa = PBXBuildFile; productRef = 924B8FB128535AAF0017920C /* MultiSlider */; };
		9254CFE0283E2AA8005F751C /* ChooseView.swift in Sources */ = {isa = PBXBuildFile; fileRef = 9254CFDF283E2AA7005F751C /* ChooseView.swift */; };
		92714454283A5404002A05C4 /* OffsetModifier.swift in Sources */ = {isa = PBXBuildFile; fileRef = 92714453283A5404002A05C4 /* OffsetModifier.swift */; };
		92714456283A85D7002A05C4 /* RollUpView.swift in Sources */ = {isa = PBXBuildFile; fileRef = 92714455283A85D7002A05C4 /* RollUpView.swift */; };
		92714458283A85FF002A05C4 /* Button360View.swift in Sources */ = {isa = PBXBuildFile; fileRef = 92714457283A85FF002A05C4 /* Button360View.swift */; };
		9271445B283A864A002A05C4 /* SneakerDescriptionView.swift in Sources */ = {isa = PBXBuildFile; fileRef = 9271445A283A864A002A05C4 /* SneakerDescriptionView.swift */; };
		9271445D283A8676002A05C4 /* SneakerImageView.swift in Sources */ = {isa = PBXBuildFile; fileRef = 9271445C283A8676002A05C4 /* SneakerImageView.swift */; };
		9271445F283A8780002A05C4 /* SneakerTopBarView.swift in Sources */ = {isa = PBXBuildFile; fileRef = 9271445E283A8780002A05C4 /* SneakerTopBarView.swift */; };
		927D440F283577F7001B8ED7 /* Sneaker360View.swift in Sources */ = {isa = PBXBuildFile; fileRef = 927D440E283577F7001B8ED7 /* Sneaker360View.swift */; };
		927D4411283578F9001B8ED7 /* Sneaker360ViewModel.swift in Sources */ = {isa = PBXBuildFile; fileRef = 927D4410283578F9001B8ED7 /* Sneaker360ViewModel.swift */; };
		927D4416283595EA001B8ED7 /* lottieSwipe.json in Resources */ = {isa = PBXBuildFile; fileRef = 927D4415283595EA001B8ED7 /* lottieSwipe.json */; };
		92C2208E28326AD500EC7D39 /* SneakersApp.swift in Sources */ = {isa = PBXBuildFile; fileRef = 92C2208D28326AD500EC7D39 /* SneakersApp.swift */; };
		92C2209228326AD700EC7D39 /* Assets.xcassets in Resources */ = {isa = PBXBuildFile; fileRef = 92C2209128326AD700EC7D39 /* Assets.xcassets */; };
		92C220A428326B5600EC7D39 /* Sneaker.swift in Sources */ = {isa = PBXBuildFile; fileRef = 92C220A228326B5600EC7D39 /* Sneaker.swift */; };
		92C220A828326B5D00EC7D39 /* SneakersListView.swift in Sources */ = {isa = PBXBuildFile; fileRef = 92C220A628326B5D00EC7D39 /* SneakersListView.swift */; };
		92C220A928326B5D00EC7D39 /* SneakerDetailView.swift in Sources */ = {isa = PBXBuildFile; fileRef = 92C220A728326B5D00EC7D39 /* SneakerDetailView.swift */; };
		92C220AC28326B6600EC7D39 /* SneakersViewModel.swift in Sources */ = {isa = PBXBuildFile; fileRef = 92C220AB28326B6600EC7D39 /* SneakersViewModel.swift */; };
		92C220B028326B6A00EC7D39 /* Constants.swift in Sources */ = {isa = PBXBuildFile; fileRef = 92C220AE28326B6A00EC7D39 /* Constants.swift */; };
		92C220B128326B6A00EC7D39 /* HTTPClient.swift in Sources */ = {isa = PBXBuildFile; fileRef = 92C220AF28326B6A00EC7D39 /* HTTPClient.swift */; };
		92E61626283CF01F00D9AC00 /* TabBarController.swift in Sources */ = {isa = PBXBuildFile; fileRef = 92E61625283CF01F00D9AC00 /* TabBarController.swift */; };
		92F0AFA8283F788A004EE0E3 /* UIColorExtension.swift in Sources */ = {isa = PBXBuildFile; fileRef = 92F0AFA7283F788A004EE0E3 /* UIColorExtension.swift */; };
/* End PBXBuildFile section */

/* Begin PBXFileReference section */
		301BDA4E284FF15800FF24B2 /* GenericFilterModel.swift */ = {isa = PBXFileReference; lastKnownFileType = sourcecode.swift; path = GenericFilterModel.swift; sourceTree = "<group>"; };
		30B78135285108510027B781 /* RangedSliderView.swift */ = {isa = PBXFileReference; lastKnownFileType = sourcecode.swift; path = RangedSliderView.swift; sourceTree = "<group>"; };
		30F82ADF284EACBE00D0E380 /* FiltersView.swift */ = {isa = PBXFileReference; lastKnownFileType = sourcecode.swift; path = FiltersView.swift; sourceTree = "<group>"; };
		30F82AE1284EACC500D0E380 /* FiltersViewModel.swift */ = {isa = PBXFileReference; lastKnownFileType = sourcecode.swift; path = FiltersViewModel.swift; sourceTree = "<group>"; };
		30F82AE3284EBE4200D0E380 /* Gender.swift */ = {isa = PBXFileReference; lastKnownFileType = sourcecode.swift; path = Gender.swift; sourceTree = "<group>"; };
		30F82AE5284EBE5600D0E380 /* Brand.swift */ = {isa = PBXFileReference; lastKnownFileType = sourcecode.swift; path = Brand.swift; sourceTree = "<group>"; };
		30F82AE7284EBE9E00D0E380 /* Size.swift */ = {isa = PBXFileReference; lastKnownFileType = sourcecode.swift; path = Size.swift; sourceTree = "<group>"; };
		30F82AEC284ECE4000D0E380 /* GenericFilterView.swift */ = {isa = PBXFileReference; lastKnownFileType = sourcecode.swift; path = GenericFilterView.swift; sourceTree = "<group>"; };
		881CA5322844E6220092265A /* CameraView.swift */ = {isa = PBXFileReference; lastKnownFileType = sourcecode.swift; path = CameraView.swift; sourceTree = "<group>"; };
		881CA5352844ED080092265A /* CameraService+Enums.swift */ = {isa = PBXFileReference; lastKnownFileType = sourcecode.swift; path = "CameraService+Enums.swift"; sourceTree = "<group>"; };
		881CA5372844ED1D0092265A /* CameraService+Extensions.swift */ = {isa = PBXFileReference; lastKnownFileType = sourcecode.swift; path = "CameraService+Extensions.swift"; sourceTree = "<group>"; };
		881CA5392844ED380092265A /* CameraService.swift */ = {isa = PBXFileReference; lastKnownFileType = sourcecode.swift; path = CameraService.swift; sourceTree = "<group>"; };
		881CA53B2844ED490092265A /* ImageResizer.swift */ = {isa = PBXFileReference; lastKnownFileType = sourcecode.swift; path = ImageResizer.swift; sourceTree = "<group>"; };
		881CA53D2844ED670092265A /* PhotoCaptureProcessor.swift */ = {isa = PBXFileReference; lastKnownFileType = sourcecode.swift; path = PhotoCaptureProcessor.swift; sourceTree = "<group>"; };
		881CA53F2844F1940092265A /* CameraPreview.swift */ = {isa = PBXFileReference; lastKnownFileType = sourcecode.swift; path = CameraPreview.swift; sourceTree = "<group>"; };
		886C26E82844D2A100E91B4E /* PhotoPicker.swift */ = {isa = PBXFileReference; lastKnownFileType = sourcecode.swift; path = PhotoPicker.swift; sourceTree = "<group>"; };
		886C26EB2844D2D800E91B4E /* PickerMediaItems.swift */ = {isa = PBXFileReference; lastKnownFileType = sourcecode.swift; path = PickerMediaItems.swift; sourceTree = "<group>"; };
		8897D97A28327861008A9A49 /* .swiftlint.yml */ = {isa = PBXFileReference; fileEncoding = 4; lastKnownFileType = text.yaml; path = .swiftlint.yml; sourceTree = SOURCE_ROOT; xcLanguageSpecificationIdentifier = xcode.lang.yaml; };
		8897D97C28327867008A9A49 /* README.md */ = {isa = PBXFileReference; fileEncoding = 4; lastKnownFileType = net.daringfireball.markdown; path = README.md; sourceTree = SOURCE_ROOT; };
		88B4D34E2848CB2000A8366B /* CaptureButtonStyle.swift */ = {isa = PBXFileReference; lastKnownFileType = sourcecode.swift; path = CaptureButtonStyle.swift; sourceTree = "<group>"; };
		88B4D3502848D1B500A8366B /* CameraModel.swift */ = {isa = PBXFileReference; lastKnownFileType = sourcecode.swift; path = CameraModel.swift; sourceTree = "<group>"; };
		88B4D3522848D31500A8366B /* AlertError.swift */ = {isa = PBXFileReference; lastKnownFileType = sourcecode.swift; path = AlertError.swift; sourceTree = "<group>"; };
		88B4D3542848D3C100A8366B /* Photo.swift */ = {isa = PBXFileReference; lastKnownFileType = sourcecode.swift; path = Photo.swift; sourceTree = "<group>"; };
		88B4D357284A052600A8366B /* Router.swift */ = {isa = PBXFileReference; lastKnownFileType = sourcecode.swift; path = Router.swift; sourceTree = "<group>"; };
		88B4D359284BB16600A8366B /* SneakerHostingViewController.swift */ = {isa = PBXFileReference; lastKnownFileType = sourcecode.swift; path = SneakerHostingViewController.swift; sourceTree = "<group>"; };
		88B4D35B284BB33400A8366B /* TabBarViewRepresentation.swift */ = {isa = PBXFileReference; lastKnownFileType = sourcecode.swift; path = TabBarViewRepresentation.swift; sourceTree = "<group>"; };
		88B4D35E284BD66500A8366B /* ColorPickerView.swift */ = {isa = PBXFileReference; lastKnownFileType = sourcecode.swift; path = ColorPickerView.swift; sourceTree = "<group>"; };
		88B4D362284BDA7900A8366B /* DesignSystem */ = {isa = PBXFileReference; lastKnownFileType = wrapper; path = DesignSystem; sourceTree = "<group>"; };
		88B4D368284D58CA00A8366B /* PaletteControl.swift */ = {isa = PBXFileReference; lastKnownFileType = sourcecode.swift; path = PaletteControl.swift; sourceTree = "<group>"; };
		88B4D36A284D5AC800A8366B /* CoreUtils */ = {isa = PBXFileReference; lastKnownFileType = wrapper; path = CoreUtils; sourceTree = "<group>"; };
		88B4D376284DDF1500A8366B /* ColorFinder.swift */ = {isa = PBXFileReference; lastKnownFileType = sourcecode.swift; path = ColorFinder.swift; sourceTree = "<group>"; };
		9208B9852840F526000866E6 /* UserDefaults.swift */ = {isa = PBXFileReference; lastKnownFileType = sourcecode.swift; path = UserDefaults.swift; sourceTree = "<group>"; };
		9208B9872840FBD3000866E6 /* FavoritesView.swift */ = {isa = PBXFileReference; lastKnownFileType = sourcecode.swift; path = FavoritesView.swift; sourceTree = "<group>"; };
		9208B989284112B6000866E6 /* SneakerUD.swift */ = {isa = PBXFileReference; lastKnownFileType = sourcecode.swift; path = SneakerUD.swift; sourceTree = "<group>"; };
		920D1E2B28393BAF00050935 /* download360.json */ = {isa = PBXFileReference; fileEncoding = 4; lastKnownFileType = text.json; path = download360.json; sourceTree = "<group>"; };
		920D1E2D28393FAB00050935 /* UpdateView.swift */ = {isa = PBXFileReference; lastKnownFileType = sourcecode.swift; path = UpdateView.swift; sourceTree = "<group>"; };
		920D1E312839594E00050935 /* ColorExtensionRandomColor.swift */ = {isa = PBXFileReference; lastKnownFileType = sourcecode.swift; path = ColorExtensionRandomColor.swift; sourceTree = "<group>"; };
		920D1E342839599D00050935 /* PaletteView.swift */ = {isa = PBXFileReference; lastKnownFileType = sourcecode.swift; path = PaletteView.swift; sourceTree = "<group>"; };
		920D1E36283959DF00050935 /* SwipeView.swift */ = {isa = PBXFileReference; lastKnownFileType = sourcecode.swift; path = SwipeView.swift; sourceTree = "<group>"; };
		920D1E39283966C200050935 /* PaletteViewModel.swift */ = {isa = PBXFileReference; lastKnownFileType = sourcecode.swift; path = PaletteViewModel.swift; sourceTree = "<group>"; };
		921B21142833A04200B934C4 /* ViewExtensionGetRect.swift */ = {isa = PBXFileReference; lastKnownFileType = sourcecode.swift; path = ViewExtensionGetRect.swift; sourceTree = "<group>"; };
		922E353F2835984C00D8A0F9 /* LottieView.swift */ = {isa = PBXFileReference; lastKnownFileType = sourcecode.swift; path = LottieView.swift; sourceTree = "<group>"; };
		9254CFDF283E2AA7005F751C /* ChooseView.swift */ = {isa = PBXFileReference; lastKnownFileType = sourcecode.swift; path = ChooseView.swift; sourceTree = "<group>"; };
		92714453283A5404002A05C4 /* OffsetModifier.swift */ = {isa = PBXFileReference; lastKnownFileType = sourcecode.swift; path = OffsetModifier.swift; sourceTree = "<group>"; };
		92714455283A85D7002A05C4 /* RollUpView.swift */ = {isa = PBXFileReference; lastKnownFileType = sourcecode.swift; path = RollUpView.swift; sourceTree = "<group>"; };
		92714457283A85FF002A05C4 /* Button360View.swift */ = {isa = PBXFileReference; lastKnownFileType = sourcecode.swift; path = Button360View.swift; sourceTree = "<group>"; };
		9271445A283A864A002A05C4 /* SneakerDescriptionView.swift */ = {isa = PBXFileReference; lastKnownFileType = sourcecode.swift; path = SneakerDescriptionView.swift; sourceTree = "<group>"; };
		9271445C283A8676002A05C4 /* SneakerImageView.swift */ = {isa = PBXFileReference; lastKnownFileType = sourcecode.swift; path = SneakerImageView.swift; sourceTree = "<group>"; };
		9271445E283A8780002A05C4 /* SneakerTopBarView.swift */ = {isa = PBXFileReference; lastKnownFileType = sourcecode.swift; path = SneakerTopBarView.swift; sourceTree = "<group>"; };
		927D440E283577F7001B8ED7 /* Sneaker360View.swift */ = {isa = PBXFileReference; lastKnownFileType = sourcecode.swift; path = Sneaker360View.swift; sourceTree = "<group>"; };
		927D4410283578F9001B8ED7 /* Sneaker360ViewModel.swift */ = {isa = PBXFileReference; lastKnownFileType = sourcecode.swift; path = Sneaker360ViewModel.swift; sourceTree = "<group>"; };
		927D4415283595EA001B8ED7 /* lottieSwipe.json */ = {isa = PBXFileReference; fileEncoding = 4; lastKnownFileType = text.json; path = lottieSwipe.json; sourceTree = "<group>"; };
		92C2208A28326AD500EC7D39 /* Sneakers.app */ = {isa = PBXFileReference; explicitFileType = wrapper.application; includeInIndex = 0; path = Sneakers.app; sourceTree = BUILT_PRODUCTS_DIR; };
		92C2208D28326AD500EC7D39 /* SneakersApp.swift */ = {isa = PBXFileReference; lastKnownFileType = sourcecode.swift; path = SneakersApp.swift; sourceTree = "<group>"; };
		92C2209128326AD700EC7D39 /* Assets.xcassets */ = {isa = PBXFileReference; lastKnownFileType = folder.assetcatalog; path = Assets.xcassets; sourceTree = "<group>"; };
		92C220A228326B5600EC7D39 /* Sneaker.swift */ = {isa = PBXFileReference; fileEncoding = 4; lastKnownFileType = sourcecode.swift; path = Sneaker.swift; sourceTree = "<group>"; };
		92C220A628326B5D00EC7D39 /* SneakersListView.swift */ = {isa = PBXFileReference; fileEncoding = 4; lastKnownFileType = sourcecode.swift; path = SneakersListView.swift; sourceTree = "<group>"; };
		92C220A728326B5D00EC7D39 /* SneakerDetailView.swift */ = {isa = PBXFileReference; fileEncoding = 4; lastKnownFileType = sourcecode.swift; path = SneakerDetailView.swift; sourceTree = "<group>"; };
		92C220AB28326B6600EC7D39 /* SneakersViewModel.swift */ = {isa = PBXFileReference; fileEncoding = 4; lastKnownFileType = sourcecode.swift; path = SneakersViewModel.swift; sourceTree = "<group>"; };
		92C220AE28326B6A00EC7D39 /* Constants.swift */ = {isa = PBXFileReference; fileEncoding = 4; lastKnownFileType = sourcecode.swift; path = Constants.swift; sourceTree = "<group>"; };
		92C220AF28326B6A00EC7D39 /* HTTPClient.swift */ = {isa = PBXFileReference; fileEncoding = 4; lastKnownFileType = sourcecode.swift; path = HTTPClient.swift; sourceTree = "<group>"; };
		92E61625283CF01F00D9AC00 /* TabBarController.swift */ = {isa = PBXFileReference; lastKnownFileType = sourcecode.swift; path = TabBarController.swift; sourceTree = "<group>"; };
		92F0AFA7283F788A004EE0E3 /* UIColorExtension.swift */ = {isa = PBXFileReference; lastKnownFileType = sourcecode.swift; path = UIColorExtension.swift; sourceTree = "<group>"; };
/* End PBXFileReference section */

/* Begin PBXFrameworksBuildPhase section */
		92C2208728326AD500EC7D39 /* Frameworks */ = {
			isa = PBXFrameworksBuildPhase;
			buildActionMask = 2147483647;
			files = (
				921B211B2833BFD500B934C4 /* NukeUI in Frameworks */,
				924B8FB228535AAF0017920C /* MultiSlider in Frameworks */,
				922E353D283597B100D8A0F9 /* Lottie in Frameworks */,
				88B4D36C284D5AD900A8366B /* CoreUtils in Frameworks */,
				922E354528365E5800D8A0F9 /* SwiftUIPager in Frameworks */,
				88B4D367284BDADF00A8366B /* DesignSystem in Frameworks */,
				88B4D375284D7B1300A8366B /* DominantColor in Frameworks */,
				88B4D372284D6B0000A8366B /* BackgroundRemoval in Frameworks */,
			);
			runOnlyForDeploymentPostprocessing = 0;
		};
/* End PBXFrameworksBuildPhase section */

/* Begin PBXGroup section */
		301BDA50284FF25900FF24B2 /* Generic */ = {
			isa = PBXGroup;
			children = (
				30F82AEC284ECE4000D0E380 /* GenericFilterView.swift */,
				301BDA4E284FF15800FF24B2 /* GenericFilterModel.swift */,
			);
			path = Generic;
			sourceTree = "<group>";
		};
		30F82AEB284EC70900D0E380 /* Filters */ = {
			isa = PBXGroup;
			children = (
				30B78135285108510027B781 /* RangedSliderView.swift */,
				30F82ADF284EACBE00D0E380 /* FiltersView.swift */,
				30F82AE1284EACC500D0E380 /* FiltersViewModel.swift */,
				301BDA50284FF25900FF24B2 /* Generic */,
			);
			path = Filters;
			sourceTree = "<group>";
		};
		881CA5342844ED000092265A /* Camera */ = {
			isa = PBXGroup;
			children = (
				881CA5322844E6220092265A /* CameraView.swift */,
				88B4D3502848D1B500A8366B /* CameraModel.swift */,
				88B4D34E2848CB2000A8366B /* CaptureButtonStyle.swift */,
				881CA53F2844F1940092265A /* CameraPreview.swift */,
				881CA5352844ED080092265A /* CameraService+Enums.swift */,
				881CA5372844ED1D0092265A /* CameraService+Extensions.swift */,
				881CA5392844ED380092265A /* CameraService.swift */,
				88B4D3542848D3C100A8366B /* Photo.swift */,
				88B4D3522848D31500A8366B /* AlertError.swift */,
				881CA53B2844ED490092265A /* ImageResizer.swift */,
				881CA53D2844ED670092265A /* PhotoCaptureProcessor.swift */,
			);
			path = Camera;
			sourceTree = "<group>";
		};
		886C26EA2844D2C700E91B4E /* PhotoPicker */ = {
			isa = PBXGroup;
			children = (
				886C26E82844D2A100E91B4E /* PhotoPicker.swift */,
				886C26EB2844D2D800E91B4E /* PickerMediaItems.swift */,
			);
			path = PhotoPicker;
			sourceTree = "<group>";
		};
		88B4D356284A051800A8366B /* App */ = {
			isa = PBXGroup;
			children = (
				88B4D357284A052600A8366B /* Router.swift */,
				88B4D359284BB16600A8366B /* SneakerHostingViewController.swift */,
			);
			path = App;
			sourceTree = "<group>";
		};
		88B4D35D284BD65D00A8366B /* ColorPicker */ = {
			isa = PBXGroup;
			children = (
				88B4D35E284BD66500A8366B /* ColorPickerView.swift */,
				88B4D376284DDF1500A8366B /* ColorFinder.swift */,
				88B4D368284D58CA00A8366B /* PaletteControl.swift */,
			);
			path = ColorPicker;
			sourceTree = "<group>";
		};
		88B4D363284BDAC600A8366B /* Frameworks */ = {
			isa = PBXGroup;
			children = (
			);
			name = Frameworks;
			sourceTree = "<group>";
		};
		920D1E332839595700050935 /* Extensions */ = {
			isa = PBXGroup;
			children = (
				921B21142833A04200B934C4 /* ViewExtensionGetRect.swift */,
				920D1E312839594E00050935 /* ColorExtensionRandomColor.swift */,
				92F0AFA7283F788A004EE0E3 /* UIColorExtension.swift */,
				9208B9852840F526000866E6 /* UserDefaults.swift */,
			);
			path = Extensions;
			sourceTree = "<group>";
		};
		922E353E2835983800D8A0F9 /* LottieView */ = {
			isa = PBXGroup;
			children = (
				922E353F2835984C00D8A0F9 /* LottieView.swift */,
				920D1E2D28393FAB00050935 /* UpdateView.swift */,
				920D1E36283959DF00050935 /* SwipeView.swift */,
			);
			path = LottieView;
			sourceTree = "<group>";
		};
		92714452283A53EE002A05C4 /* Modifiers */ = {
			isa = PBXGroup;
			children = (
				92714453283A5404002A05C4 /* OffsetModifier.swift */,
			);
			path = Modifiers;
			sourceTree = "<group>";
		};
		92714459283A8615002A05C4 /* DetailViews */ = {
			isa = PBXGroup;
			children = (
				92C220A728326B5D00EC7D39 /* SneakerDetailView.swift */,
				9271445E283A8780002A05C4 /* SneakerTopBarView.swift */,
				9271445C283A8676002A05C4 /* SneakerImageView.swift */,
				9271445A283A864A002A05C4 /* SneakerDescriptionView.swift */,
				92714455283A85D7002A05C4 /* RollUpView.swift */,
				92714457283A85FF002A05C4 /* Button360View.swift */,
				927D440E283577F7001B8ED7 /* Sneaker360View.swift */,
			);
			path = DetailViews;
			sourceTree = "<group>";
		};
		92714464283A9D7A002A05C4 /* TabBarController */ = {
			isa = PBXGroup;
			children = (
				92E61625283CF01F00D9AC00 /* TabBarController.swift */,
				88B4D35B284BB33400A8366B /* TabBarViewRepresentation.swift */,
			);
			path = TabBarController;
			sourceTree = "<group>";
		};
		92C2208128326AD500EC7D39 = {
			isa = PBXGroup;
			children = (
				88B4D36A284D5AC800A8366B /* CoreUtils */,
				88B4D362284BDA7900A8366B /* DesignSystem */,
				92C2208C28326AD500EC7D39 /* Sneakers */,
				92C2208B28326AD500EC7D39 /* Products */,
				88B4D363284BDAC600A8366B /* Frameworks */,
			);
			sourceTree = "<group>";
		};
		92C2208B28326AD500EC7D39 /* Products */ = {
			isa = PBXGroup;
			children = (
				92C2208A28326AD500EC7D39 /* Sneakers.app */,
			);
			name = Products;
			sourceTree = "<group>";
		};
		92C2208C28326AD500EC7D39 /* Sneakers */ = {
			isa = PBXGroup;
			children = (
				92714452283A53EE002A05C4 /* Modifiers */,
				920D1E332839595700050935 /* Extensions */,
				922E353E2835983800D8A0F9 /* LottieView */,
				927D4415283595EA001B8ED7 /* lottieSwipe.json */,
				920D1E2B28393BAF00050935 /* download360.json */,
				88B4D356284A051800A8366B /* App */,
				8897D97C28327867008A9A49 /* README.md */,
				8897D97A28327861008A9A49 /* .swiftlint.yml */,
				92C220AD28326B6A00EC7D39 /* Utilities */,
				92C220AA28326B6600EC7D39 /* ViewModels */,
				92C220A528326B5D00EC7D39 /* Views */,
				92C220A028326B5600EC7D39 /* Models */,
				92C2208D28326AD500EC7D39 /* SneakersApp.swift */,
				92C2209128326AD700EC7D39 /* Assets.xcassets */,
			);
			path = Sneakers;
			sourceTree = "<group>";
		};
		92C220A028326B5600EC7D39 /* Models */ = {
			isa = PBXGroup;
			children = (
				92C220A228326B5600EC7D39 /* Sneaker.swift */,
				9208B989284112B6000866E6 /* SneakerUD.swift */,
				30F82AE3284EBE4200D0E380 /* Gender.swift */,
				30F82AE5284EBE5600D0E380 /* Brand.swift */,
				30F82AE7284EBE9E00D0E380 /* Size.swift */,
			);
			path = Models;
			sourceTree = "<group>";
		};
		92C220A528326B5D00EC7D39 /* Views */ = {
			isa = PBXGroup;
			children = (
				9254CFDF283E2AA7005F751C /* ChooseView.swift */,
				92C220A628326B5D00EC7D39 /* SneakersListView.swift */,
				9208B9872840FBD3000866E6 /* FavoritesView.swift */,
				920D1E342839599D00050935 /* PaletteView.swift */,
				881CA5342844ED000092265A /* Camera */,
				886C26EA2844D2C700E91B4E /* PhotoPicker */,
				88B4D35D284BD65D00A8366B /* ColorPicker */,
				92714459283A8615002A05C4 /* DetailViews */,
				92714464283A9D7A002A05C4 /* TabBarController */,
				30F82AEB284EC70900D0E380 /* Filters */,
			);
			path = Views;
			sourceTree = "<group>";
		};
		92C220AA28326B6600EC7D39 /* ViewModels */ = {
			isa = PBXGroup;
			children = (
				92C220AB28326B6600EC7D39 /* SneakersViewModel.swift */,
				927D4410283578F9001B8ED7 /* Sneaker360ViewModel.swift */,
				920D1E39283966C200050935 /* PaletteViewModel.swift */,
			);
			path = ViewModels;
			sourceTree = "<group>";
		};
		92C220AD28326B6A00EC7D39 /* Utilities */ = {
			isa = PBXGroup;
			children = (
				92C220AE28326B6A00EC7D39 /* Constants.swift */,
				92C220AF28326B6A00EC7D39 /* HTTPClient.swift */,
			);
			path = Utilities;
			sourceTree = "<group>";
		};
/* End PBXGroup section */

/* Begin PBXNativeTarget section */
		92C2208928326AD500EC7D39 /* Sneakers */ = {
			isa = PBXNativeTarget;
			buildConfigurationList = 92C2209828326AD700EC7D39 /* Build configuration list for PBXNativeTarget "Sneakers" */;
			buildPhases = (
				92C2208628326AD500EC7D39 /* Sources */,
				92C2208728326AD500EC7D39 /* Frameworks */,
				92C2208828326AD500EC7D39 /* Resources */,
				8897D97928327736008A9A49 /* SwiftLint */,
			);
			buildRules = (
			);
			dependencies = (
			);
			name = Sneakers;
			packageProductDependencies = (
				921B211A2833BFD500B934C4 /* NukeUI */,
				922E353C283597B100D8A0F9 /* Lottie */,
				922E354428365E5800D8A0F9 /* SwiftUIPager */,
				88B4D366284BDADF00A8366B /* DesignSystem */,
				88B4D36B284D5AD900A8366B /* CoreUtils */,
				88B4D371284D6B0000A8366B /* BackgroundRemoval */,
				88B4D374284D7B1300A8366B /* DominantColor */,
				924B8FB128535AAF0017920C /* MultiSlider */,
			);
			productName = Sneakers;
			productReference = 92C2208A28326AD500EC7D39 /* Sneakers.app */;
			productType = "com.apple.product-type.application";
		};
/* End PBXNativeTarget section */

/* Begin PBXProject section */
		92C2208228326AD500EC7D39 /* Project object */ = {
			isa = PBXProject;
			attributes = {
				BuildIndependentTargetsInParallel = 1;
				LastSwiftUpdateCheck = 1330;
				LastUpgradeCheck = 1330;
				TargetAttributes = {
					92C2208928326AD500EC7D39 = {
						CreatedOnToolsVersion = 13.3.1;
					};
				};
			};
			buildConfigurationList = 92C2208528326AD500EC7D39 /* Build configuration list for PBXProject "Sneakers" */;
			compatibilityVersion = "Xcode 13.0";
			developmentRegion = en;
			hasScannedForEncodings = 0;
			knownRegions = (
				en,
				Base,
			);
			mainGroup = 92C2208128326AD500EC7D39;
			packageReferences = (
				921B21192833BFD500B934C4 /* XCRemoteSwiftPackageReference "NukeUI" */,
				922E353B283597B100D8A0F9 /* XCRemoteSwiftPackageReference "lottie-ios" */,
				922E354328365E5800D8A0F9 /* XCRemoteSwiftPackageReference "SwiftUIPager" */,
				88B4D370284D6B0000A8366B /* XCRemoteSwiftPackageReference "BackgroundRemoval" */,
				88B4D373284D7B1300A8366B /* XCRemoteSwiftPackageReference "DominantColor" */,
				924B8FB028535AAF0017920C /* XCRemoteSwiftPackageReference "MultiSlider" */,
			);
			productRefGroup = 92C2208B28326AD500EC7D39 /* Products */;
			projectDirPath = "";
			projectRoot = "";
			targets = (
				92C2208928326AD500EC7D39 /* Sneakers */,
			);
		};
/* End PBXProject section */

/* Begin PBXResourcesBuildPhase section */
		92C2208828326AD500EC7D39 /* Resources */ = {
			isa = PBXResourcesBuildPhase;
			buildActionMask = 2147483647;
			files = (
				8897D97B28327861008A9A49 /* .swiftlint.yml in Resources */,
				920D1E2C28393BAF00050935 /* download360.json in Resources */,
				927D4416283595EA001B8ED7 /* lottieSwipe.json in Resources */,
				8897D97D28327867008A9A49 /* README.md in Resources */,
				92C2209228326AD700EC7D39 /* Assets.xcassets in Resources */,
			);
			runOnlyForDeploymentPostprocessing = 0;
		};
/* End PBXResourcesBuildPhase section */

/* Begin PBXShellScriptBuildPhase section */
		8897D97928327736008A9A49 /* SwiftLint */ = {
			isa = PBXShellScriptBuildPhase;
			buildActionMask = 2147483647;
			files = (
			);
			inputFileListPaths = (
			);
			inputPaths = (
			);
			name = SwiftLint;
			outputFileListPaths = (
			);
			outputPaths = (
			);
			runOnlyForDeploymentPostprocessing = 0;
			shellPath = /bin/sh;
			shellScript = "export PATH=\"$PATH:/opt/homebrew/bin\"\nif which swiftlint > /dev/null; then\n  swiftlint\nelse\n  echo \"warning: SwiftLint not installed, download from https://github.com/realm/SwiftLint\"\nfi\n";
		};
/* End PBXShellScriptBuildPhase section */

/* Begin PBXSourcesBuildPhase section */
		92C2208628326AD500EC7D39 /* Sources */ = {
			isa = PBXSourcesBuildPhase;
			buildActionMask = 2147483647;
			files = (
				88B4D3532848D31500A8366B /* AlertError.swift in Sources */,
				881CA53A2844ED380092265A /* CameraService.swift in Sources */,
				9271445D283A8676002A05C4 /* SneakerImageView.swift in Sources */,
				881CA53C2844ED490092265A /* ImageResizer.swift in Sources */,
				30B78136285108510027B781 /* RangedSliderView.swift in Sources */,
				92C220AC28326B6600EC7D39 /* SneakersViewModel.swift in Sources */,
				88B4D35F284BD66500A8366B /* ColorPickerView.swift in Sources */,
				92C220A928326B5D00EC7D39 /* SneakerDetailView.swift in Sources */,
				88B4D369284D58CA00A8366B /* PaletteControl.swift in Sources */,
				9208B9862840F526000866E6 /* UserDefaults.swift in Sources */,
				9271445F283A8780002A05C4 /* SneakerTopBarView.swift in Sources */,
				92C220B028326B6A00EC7D39 /* Constants.swift in Sources */,
				92C220B128326B6A00EC7D39 /* HTTPClient.swift in Sources */,
				30F82AE8284EBE9E00D0E380 /* Size.swift in Sources */,
				881CA5402844F1940092265A /* CameraPreview.swift in Sources */,
				92C2208E28326AD500EC7D39 /* SneakersApp.swift in Sources */,
				881CA5332844E6220092265A /* CameraView.swift in Sources */,
				9208B9882840FBD3000866E6 /* FavoritesView.swift in Sources */,
				30F82AE0284EACBE00D0E380 /* FiltersView.swift in Sources */,
				920D1E322839594E00050935 /* ColorExtensionRandomColor.swift in Sources */,
				920D1E2E28393FAB00050935 /* UpdateView.swift in Sources */,
				92C220A828326B5D00EC7D39 /* SneakersListView.swift in Sources */,
				9254CFE0283E2AA8005F751C /* ChooseView.swift in Sources */,
				88B4D377284DDF1500A8366B /* ColorFinder.swift in Sources */,
				921B21152833A04200B934C4 /* ViewExtensionGetRect.swift in Sources */,
				30F82AED284ECE4000D0E380 /* GenericFilterView.swift in Sources */,
				881CA5362844ED080092265A /* CameraService+Enums.swift in Sources */,
				88B4D3512848D1B500A8366B /* CameraModel.swift in Sources */,
				88B4D358284A052600A8366B /* Router.swift in Sources */,
				881CA5382844ED1D0092265A /* CameraService+Extensions.swift in Sources */,
				92E61626283CF01F00D9AC00 /* TabBarController.swift in Sources */,
				920D1E3A283966C200050935 /* PaletteViewModel.swift in Sources */,
				927D4411283578F9001B8ED7 /* Sneaker360ViewModel.swift in Sources */,
				30F82AE2284EACC500D0E380 /* FiltersViewModel.swift in Sources */,
				92C220A428326B5600EC7D39 /* Sneaker.swift in Sources */,
				88B4D34F2848CB2000A8366B /* CaptureButtonStyle.swift in Sources */,
				886C26EC2844D2D800E91B4E /* PickerMediaItems.swift in Sources */,
				30F82AE6284EBE5600D0E380 /* Brand.swift in Sources */,
				9271445B283A864A002A05C4 /* SneakerDescriptionView.swift in Sources */,
				9208B98A284112B6000866E6 /* SneakerUD.swift in Sources */,
				301BDA4F284FF15800FF24B2 /* GenericFilterModel.swift in Sources */,
				30F82AE4284EBE4200D0E380 /* Gender.swift in Sources */,
				92714456283A85D7002A05C4 /* RollUpView.swift in Sources */,
				881CA53E2844ED670092265A /* PhotoCaptureProcessor.swift in Sources */,
				88B4D35C284BB33400A8366B /* TabBarViewRepresentation.swift in Sources */,
				920D1E352839599D00050935 /* PaletteView.swift in Sources */,
				92F0AFA8283F788A004EE0E3 /* UIColorExtension.swift in Sources */,
				886C26E92844D2A100E91B4E /* PhotoPicker.swift in Sources */,
				88B4D35A284BB16600A8366B /* SneakerHostingViewController.swift in Sources */,
				92714458283A85FF002A05C4 /* Button360View.swift in Sources */,
				920D1E37283959DF00050935 /* SwipeView.swift in Sources */,
				88B4D3552848D3C100A8366B /* Photo.swift in Sources */,
				92714454283A5404002A05C4 /* OffsetModifier.swift in Sources */,
				927D440F283577F7001B8ED7 /* Sneaker360View.swift in Sources */,
				922E35402835984C00D8A0F9 /* LottieView.swift in Sources */,
			);
			runOnlyForDeploymentPostprocessing = 0;
		};
/* End PBXSourcesBuildPhase section */

/* Begin XCBuildConfiguration section */
		92C2209628326AD700EC7D39 /* Debug */ = {
			isa = XCBuildConfiguration;
			buildSettings = {
				ALWAYS_SEARCH_USER_PATHS = NO;
				CLANG_ANALYZER_NONNULL = YES;
				CLANG_ANALYZER_NUMBER_OBJECT_CONVERSION = YES_AGGRESSIVE;
				CLANG_CXX_LANGUAGE_STANDARD = "gnu++17";
				CLANG_ENABLE_MODULES = YES;
				CLANG_ENABLE_OBJC_ARC = YES;
				CLANG_ENABLE_OBJC_WEAK = YES;
				CLANG_WARN_BLOCK_CAPTURE_AUTORELEASING = YES;
				CLANG_WARN_BOOL_CONVERSION = YES;
				CLANG_WARN_COMMA = YES;
				CLANG_WARN_CONSTANT_CONVERSION = YES;
				CLANG_WARN_DEPRECATED_OBJC_IMPLEMENTATIONS = YES;
				CLANG_WARN_DIRECT_OBJC_ISA_USAGE = YES_ERROR;
				CLANG_WARN_DOCUMENTATION_COMMENTS = YES;
				CLANG_WARN_EMPTY_BODY = YES;
				CLANG_WARN_ENUM_CONVERSION = YES;
				CLANG_WARN_INFINITE_RECURSION = YES;
				CLANG_WARN_INT_CONVERSION = YES;
				CLANG_WARN_NON_LITERAL_NULL_CONVERSION = YES;
				CLANG_WARN_OBJC_IMPLICIT_RETAIN_SELF = YES;
				CLANG_WARN_OBJC_LITERAL_CONVERSION = YES;
				CLANG_WARN_OBJC_ROOT_CLASS = YES_ERROR;
				CLANG_WARN_QUOTED_INCLUDE_IN_FRAMEWORK_HEADER = YES;
				CLANG_WARN_RANGE_LOOP_ANALYSIS = YES;
				CLANG_WARN_STRICT_PROTOTYPES = YES;
				CLANG_WARN_SUSPICIOUS_MOVE = YES;
				CLANG_WARN_UNGUARDED_AVAILABILITY = YES_AGGRESSIVE;
				CLANG_WARN_UNREACHABLE_CODE = YES;
				CLANG_WARN__DUPLICATE_METHOD_MATCH = YES;
				COPY_PHASE_STRIP = NO;
				DEBUG_INFORMATION_FORMAT = dwarf;
				ENABLE_STRICT_OBJC_MSGSEND = YES;
				ENABLE_TESTABILITY = YES;
				GCC_C_LANGUAGE_STANDARD = gnu11;
				GCC_DYNAMIC_NO_PIC = NO;
				GCC_NO_COMMON_BLOCKS = YES;
				GCC_OPTIMIZATION_LEVEL = 0;
				GCC_PREPROCESSOR_DEFINITIONS = (
					"DEBUG=1",
					"$(inherited)",
				);
				GCC_WARN_64_TO_32_BIT_CONVERSION = YES;
				GCC_WARN_ABOUT_RETURN_TYPE = YES_ERROR;
				GCC_WARN_UNDECLARED_SELECTOR = YES;
				GCC_WARN_UNINITIALIZED_AUTOS = YES_AGGRESSIVE;
				GCC_WARN_UNUSED_FUNCTION = YES;
				GCC_WARN_UNUSED_VARIABLE = YES;
				IPHONEOS_DEPLOYMENT_TARGET = 15.2;
				MTL_ENABLE_DEBUG_INFO = INCLUDE_SOURCE;
				MTL_FAST_MATH = YES;
				ONLY_ACTIVE_ARCH = YES;
				SDKROOT = iphoneos;
				SWIFT_ACTIVE_COMPILATION_CONDITIONS = DEBUG;
				SWIFT_OPTIMIZATION_LEVEL = "-Onone";
			};
			name = Debug;
		};
		92C2209728326AD700EC7D39 /* Release */ = {
			isa = XCBuildConfiguration;
			buildSettings = {
				ALWAYS_SEARCH_USER_PATHS = NO;
				CLANG_ANALYZER_NONNULL = YES;
				CLANG_ANALYZER_NUMBER_OBJECT_CONVERSION = YES_AGGRESSIVE;
				CLANG_CXX_LANGUAGE_STANDARD = "gnu++17";
				CLANG_ENABLE_MODULES = YES;
				CLANG_ENABLE_OBJC_ARC = YES;
				CLANG_ENABLE_OBJC_WEAK = YES;
				CLANG_WARN_BLOCK_CAPTURE_AUTORELEASING = YES;
				CLANG_WARN_BOOL_CONVERSION = YES;
				CLANG_WARN_COMMA = YES;
				CLANG_WARN_CONSTANT_CONVERSION = YES;
				CLANG_WARN_DEPRECATED_OBJC_IMPLEMENTATIONS = YES;
				CLANG_WARN_DIRECT_OBJC_ISA_USAGE = YES_ERROR;
				CLANG_WARN_DOCUMENTATION_COMMENTS = YES;
				CLANG_WARN_EMPTY_BODY = YES;
				CLANG_WARN_ENUM_CONVERSION = YES;
				CLANG_WARN_INFINITE_RECURSION = YES;
				CLANG_WARN_INT_CONVERSION = YES;
				CLANG_WARN_NON_LITERAL_NULL_CONVERSION = YES;
				CLANG_WARN_OBJC_IMPLICIT_RETAIN_SELF = YES;
				CLANG_WARN_OBJC_LITERAL_CONVERSION = YES;
				CLANG_WARN_OBJC_ROOT_CLASS = YES_ERROR;
				CLANG_WARN_QUOTED_INCLUDE_IN_FRAMEWORK_HEADER = YES;
				CLANG_WARN_RANGE_LOOP_ANALYSIS = YES;
				CLANG_WARN_STRICT_PROTOTYPES = YES;
				CLANG_WARN_SUSPICIOUS_MOVE = YES;
				CLANG_WARN_UNGUARDED_AVAILABILITY = YES_AGGRESSIVE;
				CLANG_WARN_UNREACHABLE_CODE = YES;
				CLANG_WARN__DUPLICATE_METHOD_MATCH = YES;
				COPY_PHASE_STRIP = NO;
				DEBUG_INFORMATION_FORMAT = "dwarf-with-dsym";
				ENABLE_NS_ASSERTIONS = NO;
				ENABLE_STRICT_OBJC_MSGSEND = YES;
				GCC_C_LANGUAGE_STANDARD = gnu11;
				GCC_NO_COMMON_BLOCKS = YES;
				GCC_WARN_64_TO_32_BIT_CONVERSION = YES;
				GCC_WARN_ABOUT_RETURN_TYPE = YES_ERROR;
				GCC_WARN_UNDECLARED_SELECTOR = YES;
				GCC_WARN_UNINITIALIZED_AUTOS = YES_AGGRESSIVE;
				GCC_WARN_UNUSED_FUNCTION = YES;
				GCC_WARN_UNUSED_VARIABLE = YES;
				IPHONEOS_DEPLOYMENT_TARGET = 15.2;
				MTL_ENABLE_DEBUG_INFO = NO;
				MTL_FAST_MATH = YES;
				SDKROOT = iphoneos;
				SWIFT_COMPILATION_MODE = wholemodule;
				SWIFT_OPTIMIZATION_LEVEL = "-O";
				VALIDATE_PRODUCT = YES;
			};
			name = Release;
		};
		92C2209928326AD700EC7D39 /* Debug */ = {
			isa = XCBuildConfiguration;
			buildSettings = {
				ASSETCATALOG_COMPILER_APPICON_NAME = AppIcon;
				ASSETCATALOG_COMPILER_GLOBAL_ACCENT_COLOR_NAME = AccentColor;
				CODE_SIGN_STYLE = Automatic;
				CURRENT_PROJECT_VERSION = 1;
				DEVELOPMENT_ASSET_PATHS = "\"Sneakers/Preview Content\"";
				DEVELOPMENT_TEAM = XJB6H4WXH3;
				ENABLE_PREVIEWS = YES;
				GENERATE_INFOPLIST_FILE = YES;
				INFOPLIST_KEY_NSCameraUsageDescription = "To take a photo of your outfit";
				INFOPLIST_KEY_UIApplicationSceneManifest_Generation = YES;
				INFOPLIST_KEY_UIApplicationSupportsIndirectInputEvents = YES;
				INFOPLIST_KEY_UILaunchScreen_Generation = YES;
				INFOPLIST_KEY_UISupportedInterfaceOrientations = UIInterfaceOrientationPortrait;
				INFOPLIST_KEY_UISupportedInterfaceOrientations_iPhone = UIInterfaceOrientationPortrait;
				IPHONEOS_DEPLOYMENT_TARGET = 15.2;
				LD_RUNPATH_SEARCH_PATHS = (
					"$(inherited)",
					"@executable_path/Frameworks",
				);
				MARKETING_VERSION = 1.0;
				PRODUCT_BUNDLE_IDENTIFIER = com.ettern0.Sneakers;
				PRODUCT_NAME = "$(TARGET_NAME)";
				SWIFT_EMIT_LOC_STRINGS = YES;
				SWIFT_VERSION = 5.0;
				TARGETED_DEVICE_FAMILY = 1;
			};
			name = Debug;
		};
		92C2209A28326AD700EC7D39 /* Release */ = {
			isa = XCBuildConfiguration;
			buildSettings = {
				ASSETCATALOG_COMPILER_APPICON_NAME = AppIcon;
				ASSETCATALOG_COMPILER_GLOBAL_ACCENT_COLOR_NAME = AccentColor;
				CODE_SIGN_STYLE = Automatic;
				CURRENT_PROJECT_VERSION = 1;
				DEVELOPMENT_ASSET_PATHS = "\"Sneakers/Preview Content\"";
				DEVELOPMENT_TEAM = XJB6H4WXH3;
				ENABLE_PREVIEWS = YES;
				GENERATE_INFOPLIST_FILE = YES;
				INFOPLIST_KEY_NSCameraUsageDescription = "To take a photo of your outfit";
				INFOPLIST_KEY_UIApplicationSceneManifest_Generation = YES;
				INFOPLIST_KEY_UIApplicationSupportsIndirectInputEvents = YES;
				INFOPLIST_KEY_UILaunchScreen_Generation = YES;
				INFOPLIST_KEY_UISupportedInterfaceOrientations = UIInterfaceOrientationPortrait;
				INFOPLIST_KEY_UISupportedInterfaceOrientations_iPhone = UIInterfaceOrientationPortrait;
				IPHONEOS_DEPLOYMENT_TARGET = 15.2;
				LD_RUNPATH_SEARCH_PATHS = (
					"$(inherited)",
					"@executable_path/Frameworks",
				);
				MARKETING_VERSION = 1.0;
				PRODUCT_BUNDLE_IDENTIFIER = cs193p.ES.Sneakers;
				PRODUCT_NAME = "$(TARGET_NAME)";
				SWIFT_EMIT_LOC_STRINGS = YES;
				SWIFT_VERSION = 5.0;
				TARGETED_DEVICE_FAMILY = 1;
			};
			name = Release;
		};
/* End XCBuildConfiguration section */

/* Begin XCConfigurationList section */
		92C2208528326AD500EC7D39 /* Build configuration list for PBXProject "Sneakers" */ = {
			isa = XCConfigurationList;
			buildConfigurations = (
				92C2209628326AD700EC7D39 /* Debug */,
				92C2209728326AD700EC7D39 /* Release */,
			);
			defaultConfigurationIsVisible = 0;
			defaultConfigurationName = Release;
		};
		92C2209828326AD700EC7D39 /* Build configuration list for PBXNativeTarget "Sneakers" */ = {
			isa = XCConfigurationList;
			buildConfigurations = (
				92C2209928326AD700EC7D39 /* Debug */,
				92C2209A28326AD700EC7D39 /* Release */,
			);
			defaultConfigurationIsVisible = 0;
			defaultConfigurationName = Release;
		};
/* End XCConfigurationList section */

/* Begin XCRemoteSwiftPackageReference section */
		88B4D370284D6B0000A8366B /* XCRemoteSwiftPackageReference "BackgroundRemoval" */ = {
			isa = XCRemoteSwiftPackageReference;
			repositoryURL = "https://github.com/Ezaldeen99/BackgroundRemoval";
			requirement = {
				kind = exactVersion;
				version = 0.1.0;
			};
		};
		88B4D373284D7B1300A8366B /* XCRemoteSwiftPackageReference "DominantColor" */ = {
			isa = XCRemoteSwiftPackageReference;
			repositoryURL = "https://github.com/indragiek/DominantColor";
			requirement = {
				kind = upToNextMajorVersion;
				minimumVersion = 0.2.1;
			};
		};
		921B21192833BFD500B934C4 /* XCRemoteSwiftPackageReference "NukeUI" */ = {
			isa = XCRemoteSwiftPackageReference;
			repositoryURL = "https://github.com/kean/NukeUI";
			requirement = {
				kind = upToNextMajorVersion;
				minimumVersion = 0.8.1;
			};
		};
		922E353B283597B100D8A0F9 /* XCRemoteSwiftPackageReference "lottie-ios" */ = {
			isa = XCRemoteSwiftPackageReference;
			repositoryURL = "https://github.com/airbnb/lottie-ios";
			requirement = {
				kind = upToNextMajorVersion;
				minimumVersion = 3.0.0;
			};
		};
		922E354328365E5800D8A0F9 /* XCRemoteSwiftPackageReference "SwiftUIPager" */ = {
			isa = XCRemoteSwiftPackageReference;
			repositoryURL = "https://github.com/fermoya/SwiftUIPager";
			requirement = {
				kind = exactVersion;
				version = 2.4.0;
			};
		};
		924B8FB028535AAF0017920C /* XCRemoteSwiftPackageReference "MultiSlider" */ = {
			isa = XCRemoteSwiftPackageReference;
			repositoryURL = "https://github.com/yonat/MultiSlider";
			requirement = {
				branch = swiftui;
				kind = branch;
			};
		};
/* End XCRemoteSwiftPackageReference section */

/* Begin XCSwiftPackageProductDependency section */
		88B4D366284BDADF00A8366B /* DesignSystem */ = {
			isa = XCSwiftPackageProductDependency;
			productName = DesignSystem;
		};
		88B4D36B284D5AD900A8366B /* CoreUtils */ = {
			isa = XCSwiftPackageProductDependency;
			productName = CoreUtils;
		};
		88B4D371284D6B0000A8366B /* BackgroundRemoval */ = {
			isa = XCSwiftPackageProductDependency;
			package = 88B4D370284D6B0000A8366B /* XCRemoteSwiftPackageReference "BackgroundRemoval" */;
			productName = BackgroundRemoval;
		};
		88B4D374284D7B1300A8366B /* DominantColor */ = {
			isa = XCSwiftPackageProductDependency;
			package = 88B4D373284D7B1300A8366B /* XCRemoteSwiftPackageReference "DominantColor" */;
			productName = DominantColor;
		};
		921B211A2833BFD500B934C4 /* NukeUI */ = {
			isa = XCSwiftPackageProductDependency;
			package = 921B21192833BFD500B934C4 /* XCRemoteSwiftPackageReference "NukeUI" */;
			productName = NukeUI;
		};
		922E353C283597B100D8A0F9 /* Lottie */ = {
			isa = XCSwiftPackageProductDependency;
			package = 922E353B283597B100D8A0F9 /* XCRemoteSwiftPackageReference "lottie-ios" */;
			productName = Lottie;
		};
		922E354428365E5800D8A0F9 /* SwiftUIPager */ = {
			isa = XCSwiftPackageProductDependency;
			package = 922E354328365E5800D8A0F9 /* XCRemoteSwiftPackageReference "SwiftUIPager" */;
			productName = SwiftUIPager;
		};
		924B8FB128535AAF0017920C /* MultiSlider */ = {
			isa = XCSwiftPackageProductDependency;
			package = 924B8FB028535AAF0017920C /* XCRemoteSwiftPackageReference "MultiSlider" */;
			productName = MultiSlider;
		};
/* End XCSwiftPackageProductDependency section */
	};
	rootObject = 92C2208228326AD500EC7D39 /* Project object */;
}
